Microsoft Visual Studio Solution File, Format Version 12.00
# Visual Studio 14
Project("{8BC9CEB8-8B4A-11D0-8D11-00A0C91BC942}") = "ALL_BUILD", "ALL_BUILD.vcxproj", "{FAB6DE96-0F2E-4245-9D6E-EF74AA487FE8}"
	ProjectSection(ProjectDependencies) = postProject
		{0571F012-D3C5-43B6-9376-11274D8F7979} = {0571F012-D3C5-43B6-9376-11274D8F7979}
		{3B0DE4D7-36BA-4F98-B4FC-16CDAA72A52A} = {3B0DE4D7-36BA-4F98-B4FC-16CDAA72A52A}
		{A5B8519B-9322-4C31-8AF5-3A287D2F98E1} = {A5B8519B-9322-4C31-8AF5-3A287D2F98E1}
		{E73AB892-F5D2-4997-B582-9DF5282DA49C} = {E73AB892-F5D2-4997-B582-9DF5282DA49C}
		{28B38CCF-4BD7-4918-B093-622A0698E5E9} = {28B38CCF-4BD7-4918-B093-622A0698E5E9}
		{556067BF-98AB-4926-9EEB-1FF2F3C94E52} = {556067BF-98AB-4926-9EEB-1FF2F3C94E52}
		{97ACB81D-2C1D-4C8C-BAB3-B39393F46E5A} = {97ACB81D-2C1D-4C8C-BAB3-B39393F46E5A}
	EndProjectSection
EndProject
Project("{8BC9CEB8-8B4A-11D0-8D11-00A0C91BC942}") = "ZERO_CHECK", "ZERO_CHECK.vcxproj", "{0571F012-D3C5-43B6-9376-11274D8F7979}"
	ProjectSection(ProjectDependencies) = postProject
	EndProjectSection
EndProject
Project("{8BC9CEB8-8B4A-11D0-8D11-00A0C91BC942}") = "devtools_demo", "samples\devtools_demo.vcxproj", "{3B0DE4D7-36BA-4F98-B4FC-16CDAA72A52A}"
	ProjectSection(ProjectDependencies) = postProject
		{0571F012-D3C5-43B6-9376-11274D8F7979} = {0571F012-D3C5-43B6-9376-11274D8F7979}
		{28B38CCF-4BD7-4918-B093-622A0698E5E9} = {28B38CCF-4BD7-4918-B093-622A0698E5E9}
	EndProjectSection
EndProject
Project("{8BC9CEB8-8B4A-11D0-8D11-00A0C91BC942}") = "gtest", "3rdparty\gtest\gtest.vcxproj", "{A5B8519B-9322-4C31-8AF5-3A287D2F98E1}"
	ProjectSection(ProjectDependencies) = postProject
		{0571F012-D3C5-43B6-9376-11274D8F7979} = {0571F012-D3C5-43B6-9376-11274D8F7979}
	EndProjectSection
EndProject
Project("{8BC9CEB8-8B4A-11D0-8D11-00A0C91BC942}") = "imageproc_demo", "samples\imageproc_demo.vcxproj", "{E73AB892-F5D2-4997-B582-9DF5282DA49C}"
	ProjectSection(ProjectDependencies) = postProject
		{0571F012-D3C5-43B6-9376-11274D8F7979} = {0571F012-D3C5-43B6-9376-11274D8F7979}
		{28B38CCF-4BD7-4918-B093-622A0698E5E9} = {28B38CCF-4BD7-4918-B093-622A0698E5E9}
	EndProjectSection
EndProject
Project("{8BC9CEB8-8B4A-11D0-8D11-00A0C91BC942}") = "summer_school_2016_lib", "src\summer_school_2016_lib.vcxproj", "{28B38CCF-4BD7-4918-B093-622A0698E5E9}"
	ProjectSection(ProjectDependencies) = postProject
		{0571F012-D3C5-43B6-9376-11274D8F7979} = {0571F012-D3C5-43B6-9376-11274D8F7979}
	EndProjectSection
EndProject
Project("{8BC9CEB8-8B4A-11D0-8D11-00A0C91BC942}") = "template_demo", "samples\template_demo.vcxproj", "{556067BF-98AB-4926-9EEB-1FF2F3C94E52}"
	ProjectSection(ProjectDependencies) = postProject
		{0571F012-D3C5-43B6-9376-11274D8F7979} = {0571F012-D3C5-43B6-9376-11274D8F7979}
		{28B38CCF-4BD7-4918-B093-622A0698E5E9} = {28B38CCF-4BD7-4918-B093-622A0698E5E9}
	EndProjectSection
EndProject
Project("{8BC9CEB8-8B4A-11D0-8D11-00A0C91BC942}") = "test_summer_school_2016", "test\test_summer_school_2016.vcxproj", "{97ACB81D-2C1D-4C8C-BAB3-B39393F46E5A}"
	ProjectSection(ProjectDependencies) = postProject
		{0571F012-D3C5-43B6-9376-11274D8F7979} = {0571F012-D3C5-43B6-9376-11274D8F7979}
		{A5B8519B-9322-4C31-8AF5-3A287D2F98E1} = {A5B8519B-9322-4C31-8AF5-3A287D2F98E1}
		{28B38CCF-4BD7-4918-B093-622A0698E5E9} = {28B38CCF-4BD7-4918-B093-622A0698E5E9}
	EndProjectSection
EndProject
Project("{2150E333-8FDC-42A3-9474-1A3956D46DE8}") = "CMake", "CMake", "{3736D793-376D-42CD-A6EC-66BCC85EBC44}"
EndProject
Global
	GlobalSection(SolutionConfigurationPlatforms) = preSolution
		Debug|x64 = Debug|x64
		Release|x64 = Release|x64
	EndGlobalSection
	GlobalSection(ProjectConfigurationPlatforms) = postSolution
		{FAB6DE96-0F2E-4245-9D6E-EF74AA487FE8}.Debug|x64.ActiveCfg = Debug|x64
		{FAB6DE96-0F2E-4245-9D6E-EF74AA487FE8}.Release|x64.ActiveCfg = Release|x64
		{0571F012-D3C5-43B6-9376-11274D8F7979}.Debug|x64.ActiveCfg = Debug|x64
		{0571F012-D3C5-43B6-9376-11274D8F7979}.Debug|x64.Build.0 = Debug|x64
		{0571F012-D3C5-43B6-9376-11274D8F7979}.Release|x64.ActiveCfg = Release|x64
		{0571F012-D3C5-43B6-9376-11274D8F7979}.Release|x64.Build.0 = Release|x64
		{3B0DE4D7-36BA-4F98-B4FC-16CDAA72A52A}.Debug|x64.ActiveCfg = Debug|x64
		{3B0DE4D7-36BA-4F98-B4FC-16CDAA72A52A}.Debug|x64.Build.0 = Debug|x64
		{3B0DE4D7-36BA-4F98-B4FC-16CDAA72A52A}.Release|x64.ActiveCfg = Release|x64
		{3B0DE4D7-36BA-4F98-B4FC-16CDAA72A52A}.Release|x64.Build.0 = Release|x64
		{A5B8519B-9322-4C31-8AF5-3A287D2F98E1}.Debug|x64.ActiveCfg = Debug|x64
		{A5B8519B-9322-4C31-8AF5-3A287D2F98E1}.Debug|x64.Build.0 = Debug|x64
		{A5B8519B-9322-4C31-8AF5-3A287D2F98E1}.Release|x64.ActiveCfg = Release|x64
		{A5B8519B-9322-4C31-8AF5-3A287D2F98E1}.Release|x64.Build.0 = Release|x64
		{E73AB892-F5D2-4997-B582-9DF5282DA49C}.Debug|x64.ActiveCfg = Debug|x64
		{E73AB892-F5D2-4997-B582-9DF5282DA49C}.Debug|x64.Build.0 = Debug|x64
		{E73AB892-F5D2-4997-B582-9DF5282DA49C}.Release|x64.ActiveCfg = Release|x64
		{E73AB892-F5D2-4997-B582-9DF5282DA49C}.Release|x64.Build.0 = Release|x64
		{28B38CCF-4BD7-4918-B093-622A0698E5E9}.Debug|x64.ActiveCfg = Debug|x64
		{28B38CCF-4BD7-4918-B093-622A0698E5E9}.Debug|x64.Build.0 = Debug|x64
		{28B38CCF-4BD7-4918-B093-622A0698E5E9}.Release|x64.ActiveCfg = Release|x64
		{28B38CCF-4BD7-4918-B093-622A0698E5E9}.Release|x64.Build.0 = Release|x64
		{556067BF-98AB-4926-9EEB-1FF2F3C94E52}.Debug|x64.ActiveCfg = Debug|x64
		{556067BF-98AB-4926-9EEB-1FF2F3C94E52}.Debug|x64.Build.0 = Debug|x64
		{556067BF-98AB-4926-9EEB-1FF2F3C94E52}.Release|x64.ActiveCfg = Release|x64
		{556067BF-98AB-4926-9EEB-1FF2F3C94E52}.Release|x64.Build.0 = Release|x64
		{97ACB81D-2C1D-4C8C-BAB3-B39393F46E5A}.Debug|x64.ActiveCfg = Debug|x64
		{97ACB81D-2C1D-4C8C-BAB3-B39393F46E5A}.Debug|x64.Build.0 = Debug|x64
		{97ACB81D-2C1D-4C8C-BAB3-B39393F46E5A}.Release|x64.ActiveCfg = Release|x64
		{97ACB81D-2C1D-4C8C-BAB3-B39393F46E5A}.Release|x64.Build.0 = Release|x64
	EndGlobalSection
	GlobalSection(NestedProjects) = preSolution
		{0571F012-D3C5-43B6-9376-11274D8F7979} = {3736D793-376D-42CD-A6EC-66BCC85EBC44}
	EndGlobalSection
	GlobalSection(ExtensibilityGlobals) = postSolution
	EndGlobalSection
	GlobalSection(ExtensibilityAddIns) = postSolution
	EndGlobalSection
EndGlobal
